// !$*UTF8*$!
{
	archiveVersion = 1;
	classes = {
	};
	objectVersion = 56;
	objects = {

/* Begin PBXBuildFile section */
		8C4434412BD13ADE001B972D /* PokeXApp.swift in Sources */ = {isa = PBXBuildFile; fileRef = 8C4434402BD13ADE001B972D /* PokeXApp.swift */; };
		8C4434432BD13ADE001B972D /* MainView.swift in Sources */ = {isa = PBXBuildFile; fileRef = 8C4434422BD13ADE001B972D /* MainView.swift */; };
		8C4434452BD13AE0001B972D /* Assets.xcassets in Resources */ = {isa = PBXBuildFile; fileRef = 8C4434442BD13AE0001B972D /* Assets.xcassets */; };
		8C4434482BD13AE0001B972D /* Preview Assets.xcassets in Resources */ = {isa = PBXBuildFile; fileRef = 8C4434472BD13AE0001B972D /* Preview Assets.xcassets */; };
		8C4434592BD166F6001B972D /* Launch Screen.storyboard in Resources */ = {isa = PBXBuildFile; fileRef = 8C4434582BD166F6001B972D /* Launch Screen.storyboard */; };
		8CF597A42BD29A5700D08DBA /* BackgroundView.swift in Sources */ = {isa = PBXBuildFile; fileRef = 8CF597A32BD29A5700D08DBA /* BackgroundView.swift */; };
		8CF597A72BD2A0A000D08DBA /* TopTitleView.swift in Sources */ = {isa = PBXBuildFile; fileRef = 8CF597A62BD2A0A000D08DBA /* TopTitleView.swift */; };
		8CF597A92BD2BF0300D08DBA /* PokeXNewsView.swift in Sources */ = {isa = PBXBuildFile; fileRef = 8CF597A82BD2BF0300D08DBA /* PokeXNewsView.swift */; };
		8CF597AB2BD2C01600D08DBA /* PokeXInfoTextView.swift in Sources */ = {isa = PBXBuildFile; fileRef = 8CF597AA2BD2C01600D08DBA /* PokeXInfoTextView.swift */; };
		8CF597AE2BD2C0FB00D08DBA /* PokeXHorizontalScrollSectionView.swift in Sources */ = {isa = PBXBuildFile; fileRef = 8CF597AD2BD2C0FB00D08DBA /* PokeXHorizontalScrollSectionView.swift */; };
		8CF597B02BD2C48E00D08DBA /* PokeXHorizontalImageScrollView.swift in Sources */ = {isa = PBXBuildFile; fileRef = 8CF597AF2BD2C48E00D08DBA /* PokeXHorizontalImageScrollView.swift */; };
		8CF597B22BD2CBE200D08DBA /* PokeXLinkView.swift in Sources */ = {isa = PBXBuildFile; fileRef = 8CF597B12BD2CBE200D08DBA /* PokeXLinkView.swift */; };
/* End PBXBuildFile section */

/* Begin PBXFileReference section */
		8C44343D2BD13ADE001B972D /* PokeX.app */ = {isa = PBXFileReference; explicitFileType = wrapper.application; includeInIndex = 0; path = PokeX.app; sourceTree = BUILT_PRODUCTS_DIR; };
		8C4434402BD13ADE001B972D /* PokeXApp.swift */ = {isa = PBXFileReference; lastKnownFileType = sourcecode.swift; path = PokeXApp.swift; sourceTree = "<group>"; };
		8C4434422BD13ADE001B972D /* MainView.swift */ = {isa = PBXFileReference; lastKnownFileType = sourcecode.swift; path = MainView.swift; sourceTree = "<group>"; };
		8C4434442BD13AE0001B972D /* Assets.xcassets */ = {isa = PBXFileReference; lastKnownFileType = folder.assetcatalog; path = Assets.xcassets; sourceTree = "<group>"; };
		8C4434472BD13AE0001B972D /* Preview Assets.xcassets */ = {isa = PBXFileReference; lastKnownFileType = folder.assetcatalog; path = "Preview Assets.xcassets"; sourceTree = "<group>"; };
		8C4434572BD161EC001B972D /* Info.plist */ = {isa = PBXFileReference; lastKnownFileType = text.plist; path = Info.plist; sourceTree = "<group>"; };
		8C4434582BD166F6001B972D /* Launch Screen.storyboard */ = {isa = PBXFileReference; lastKnownFileType = file.storyboard; path = "Launch Screen.storyboard"; sourceTree = "<group>"; };
		8CF597A32BD29A5700D08DBA /* BackgroundView.swift */ = {isa = PBXFileReference; lastKnownFileType = sourcecode.swift; path = BackgroundView.swift; sourceTree = "<group>"; };
		8CF597A62BD2A0A000D08DBA /* TopTitleView.swift */ = {isa = PBXFileReference; lastKnownFileType = sourcecode.swift; path = TopTitleView.swift; sourceTree = "<group>"; };
		8CF597A82BD2BF0300D08DBA /* PokeXNewsView.swift */ = {isa = PBXFileReference; lastKnownFileType = sourcecode.swift; path = PokeXNewsView.swift; sourceTree = "<group>"; };
		8CF597AA2BD2C01600D08DBA /* PokeXInfoTextView.swift */ = {isa = PBXFileReference; lastKnownFileType = sourcecode.swift; path = PokeXInfoTextView.swift; sourceTree = "<group>"; };
		8CF597AD2BD2C0FB00D08DBA /* PokeXHorizontalScrollSectionView.swift */ = {isa = PBXFileReference; lastKnownFileType = sourcecode.swift; path = PokeXHorizontalScrollSectionView.swift; sourceTree = "<group>"; };
		8CF597AF2BD2C48E00D08DBA /* PokeXHorizontalImageScrollView.swift */ = {isa = PBXFileReference; lastKnownFileType = sourcecode.swift; path = PokeXHorizontalImageScrollView.swift; sourceTree = "<group>"; };
		8CF597B12BD2CBE200D08DBA /* PokeXLinkView.swift */ = {isa = PBXFileReference; lastKnownFileType = sourcecode.swift; path = PokeXLinkView.swift; sourceTree = "<group>"; };
/* End PBXFileReference section */

/* Begin PBXFrameworksBuildPhase section */
		8C44343A2BD13ADE001B972D /* Frameworks */ = {
			isa = PBXFrameworksBuildPhase;
			buildActionMask = 2147483647;
			files = (
			);
			runOnlyForDeploymentPostprocessing = 0;
		};
/* End PBXFrameworksBuildPhase section */

/* Begin PBXGroup section */
		8C4434342BD13ADE001B972D = {
			isa = PBXGroup;
			children = (
				8C44343F2BD13ADE001B972D /* PokeX */,
				8C44343E2BD13ADE001B972D /* Products */,
			);
			sourceTree = "<group>";
		};
		8C44343E2BD13ADE001B972D /* Products */ = {
			isa = PBXGroup;
			children = (
				8C44343D2BD13ADE001B972D /* PokeX.app */,
			);
			name = Products;
			sourceTree = "<group>";
		};
		8C44343F2BD13ADE001B972D /* PokeX */ = {
			isa = PBXGroup;
			children = (
				8CF597AC2BD2C07000D08DBA /* Components */,
				8C4434602BD16BC3001B972D /* Utilities */,
				8C44345F2BD16B96001B972D /* Data */,
				8C44345E2BD16B8A001B972D /* Extension */,
				8C44345C2BD16B04001B972D /* ViewModels */,
				8C44345B2BD16AFF001B972D /* Views */,
				8C44345A2BD16AF7001B972D /* Models */,
				8C4434572BD161EC001B972D /* Info.plist */,
				8C44344F2BD13B05001B972D /* Resources */,
				8C44344E2BD13B00001B972D /* App */,
			);
			path = PokeX;
			sourceTree = "<group>";
		};
		8C4434462BD13AE0001B972D /* Preview Content */ = {
			isa = PBXGroup;
			children = (
				8C4434472BD13AE0001B972D /* Preview Assets.xcassets */,
			);
			path = "Preview Content";
			sourceTree = "<group>";
		};
		8C44344E2BD13B00001B972D /* App */ = {
			isa = PBXGroup;
			children = (
				8C4434402BD13ADE001B972D /* PokeXApp.swift */,
				8C4434422BD13ADE001B972D /* MainView.swift */,
			);
			path = App;
			sourceTree = "<group>";
		};
		8C44344F2BD13B05001B972D /* Resources */ = {
			isa = PBXGroup;
			children = (
				8C4434462BD13AE0001B972D /* Preview Content */,
				8C4434442BD13AE0001B972D /* Assets.xcassets */,
				8C4434582BD166F6001B972D /* Launch Screen.storyboard */,
			);
			path = Resources;
			sourceTree = "<group>";
		};
		8C44345A2BD16AF7001B972D /* Models */ = {
			isa = PBXGroup;
			children = (
			);
			path = Models;
			sourceTree = "<group>";
		};
		8C44345B2BD16AFF001B972D /* Views */ = {
			isa = PBXGroup;
			children = (
				8CF597A52BD2A07900D08DBA /* HomeScreen */,
				8CF597A32BD29A5700D08DBA /* BackgroundView.swift */,
			);
			path = Views;
			sourceTree = "<group>";
		};
		8C44345C2BD16B04001B972D /* ViewModels */ = {
			isa = PBXGroup;
			children = (
			);
			path = ViewModels;
			sourceTree = "<group>";
		};
		8C44345E2BD16B8A001B972D /* Extension */ = {
			isa = PBXGroup;
			children = (
			);
			path = Extension;
			sourceTree = "<group>";
		};
		8C44345F2BD16B96001B972D /* Data */ = {
			isa = PBXGroup;
			children = (
			);
			path = Data;
			sourceTree = "<group>";
		};
		8C4434602BD16BC3001B972D /* Utilities */ = {
			isa = PBXGroup;
			children = (
			);
			path = Utilities;
			sourceTree = "<group>";
		};
		8CF597A52BD2A07900D08DBA /* HomeScreen */ = {
			isa = PBXGroup;
			children = (
				8CF597A62BD2A0A000D08DBA /* TopTitleView.swift */,
				8CF597A82BD2BF0300D08DBA /* PokeXNewsView.swift */,
				8CF597AA2BD2C01600D08DBA /* PokeXInfoTextView.swift */,
			);
			path = HomeScreen;
			sourceTree = "<group>";
		};
		8CF597AC2BD2C07000D08DBA /* Components */ = {
			isa = PBXGroup;
			children = (
				8CF597AD2BD2C0FB00D08DBA /* PokeXHorizontalScrollSectionView.swift */,
				8CF597AF2BD2C48E00D08DBA /* PokeXHorizontalImageScrollView.swift */,
				8CF597B12BD2CBE200D08DBA /* PokeXLinkView.swift */,
			);
			path = Components;
			sourceTree = "<group>";
		};
/* End PBXGroup section */

/* Begin PBXNativeTarget section */
		8C44343C2BD13ADE001B972D /* PokeX */ = {
			isa = PBXNativeTarget;
			buildConfigurationList = 8C44344B2BD13AE0001B972D /* Build configuration list for PBXNativeTarget "PokeX" */;
			buildPhases = (
				8C4434392BD13ADE001B972D /* Sources */,
				8C44343A2BD13ADE001B972D /* Frameworks */,
				8C44343B2BD13ADE001B972D /* Resources */,
			);
			buildRules = (
			);
			dependencies = (
			);
			name = PokeX;
			productName = PokeX;
			productReference = 8C44343D2BD13ADE001B972D /* PokeX.app */;
			productType = "com.apple.product-type.application";
		};
/* End PBXNativeTarget section */

/* Begin PBXProject section */
		8C4434352BD13ADE001B972D /* Project object */ = {
			isa = PBXProject;
			attributes = {
				BuildIndependentTargetsInParallel = 1;
				LastSwiftUpdateCheck = 1530;
				LastUpgradeCheck = 1530;
				TargetAttributes = {
					8C44343C2BD13ADE001B972D = {
						CreatedOnToolsVersion = 15.3;
					};
				};
			};
			buildConfigurationList = 8C4434382BD13ADE001B972D /* Build configuration list for PBXProject "PokeX" */;
			compatibilityVersion = "Xcode 14.0";
			developmentRegion = en;
			hasScannedForEncodings = 0;
			knownRegions = (
				en,
				Base,
			);
			mainGroup = 8C4434342BD13ADE001B972D;
			productRefGroup = 8C44343E2BD13ADE001B972D /* Products */;
			projectDirPath = "";
			projectRoot = "";
			targets = (
				8C44343C2BD13ADE001B972D /* PokeX */,
			);
		};
/* End PBXProject section */

/* Begin PBXResourcesBuildPhase section */
		8C44343B2BD13ADE001B972D /* Resources */ = {
			isa = PBXResourcesBuildPhase;
			buildActionMask = 2147483647;
			files = (
				8C4434592BD166F6001B972D /* Launch Screen.storyboard in Resources */,
				8C4434482BD13AE0001B972D /* Preview Assets.xcassets in Resources */,
				8C4434452BD13AE0001B972D /* Assets.xcassets in Resources */,
			);
			runOnlyForDeploymentPostprocessing = 0;
		};
/* End PBXResourcesBuildPhase section */

/* Begin PBXSourcesBuildPhase section */
		8C4434392BD13ADE001B972D /* Sources */ = {
			isa = PBXSourcesBuildPhase;
			buildActionMask = 2147483647;
			files = (
				8CF597A92BD2BF0300D08DBA /* PokeXNewsView.swift in Sources */,
				8CF597A42BD29A5700D08DBA /* BackgroundView.swift in Sources */,
				8CF597AE2BD2C0FB00D08DBA /* PokeXHorizontalScrollSectionView.swift in Sources */,
				8CF597B22BD2CBE200D08DBA /* PokeXLinkView.swift in Sources */,
				8C4434432BD13ADE001B972D /* MainView.swift in Sources */,
				8CF597AB2BD2C01600D08DBA /* PokeXInfoTextView.swift in Sources */,
				8CF597B02BD2C48E00D08DBA /* PokeXHorizontalImageScrollView.swift in Sources */,
				8C4434412BD13ADE001B972D /* PokeXApp.swift in Sources */,
				8CF597A72BD2A0A000D08DBA /* TopTitleView.swift in Sources */,
			);
			runOnlyForDeploymentPostprocessing = 0;
		};
/* End PBXSourcesBuildPhase section */

/* Begin XCBuildConfiguration section */
		8C4434492BD13AE0001B972D /* Debug */ = {
			isa = XCBuildConfiguration;
			buildSettings = {
				ALWAYS_SEARCH_USER_PATHS = NO;
				ASSETCATALOG_COMPILER_GENERATE_SWIFT_ASSET_SYMBOL_EXTENSIONS = YES;
				CLANG_ANALYZER_NONNULL = YES;
				CLANG_ANALYZER_NUMBER_OBJECT_CONVERSION = YES_AGGRESSIVE;
				CLANG_CXX_LANGUAGE_STANDARD = "gnu++20";
				CLANG_ENABLE_MODULES = YES;
				CLANG_ENABLE_OBJC_ARC = YES;
				CLANG_ENABLE_OBJC_WEAK = YES;
				CLANG_WARN_BLOCK_CAPTURE_AUTORELEASING = YES;
				CLANG_WARN_BOOL_CONVERSION = YES;
				CLANG_WARN_COMMA = YES;
				CLANG_WARN_CONSTANT_CONVERSION = YES;
				CLANG_WARN_DEPRECATED_OBJC_IMPLEMENTATIONS = YES;
				CLANG_WARN_DIRECT_OBJC_ISA_USAGE = YES_ERROR;
				CLANG_WARN_DOCUMENTATION_COMMENTS = YES;
				CLANG_WARN_EMPTY_BODY = YES;
				CLANG_WARN_ENUM_CONVERSION = YES;
				CLANG_WARN_INFINITE_RECURSION = YES;
				CLANG_WARN_INT_CONVERSION = YES;
				CLANG_WARN_NON_LITERAL_NULL_CONVERSION = YES;
				CLANG_WARN_OBJC_IMPLICIT_RETAIN_SELF = YES;
				CLANG_WARN_OBJC_LITERAL_CONVERSION = YES;
				CLANG_WARN_OBJC_ROOT_CLASS = YES_ERROR;
				CLANG_WARN_QUOTED_INCLUDE_IN_FRAMEWORK_HEADER = YES;
				CLANG_WARN_RANGE_LOOP_ANALYSIS = YES;
				CLANG_WARN_STRICT_PROTOTYPES = YES;
				CLANG_WARN_SUSPICIOUS_MOVE = YES;
				CLANG_WARN_UNGUARDED_AVAILABILITY = YES_AGGRESSIVE;
				CLANG_WARN_UNREACHABLE_CODE = YES;
				CLANG_WARN__DUPLICATE_METHOD_MATCH = YES;
				COPY_PHASE_STRIP = NO;
				DEBUG_INFORMATION_FORMAT = dwarf;
				ENABLE_STRICT_OBJC_MSGSEND = YES;
				ENABLE_TESTABILITY = YES;
				ENABLE_USER_SCRIPT_SANDBOXING = YES;
				GCC_C_LANGUAGE_STANDARD = gnu17;
				GCC_DYNAMIC_NO_PIC = NO;
				GCC_NO_COMMON_BLOCKS = YES;
				GCC_OPTIMIZATION_LEVEL = 0;
				GCC_PREPROCESSOR_DEFINITIONS = (
					"DEBUG=1",
					"$(inherited)",
				);
				GCC_WARN_64_TO_32_BIT_CONVERSION = YES;
				GCC_WARN_ABOUT_RETURN_TYPE = YES_ERROR;
				GCC_WARN_UNDECLARED_SELECTOR = YES;
				GCC_WARN_UNINITIALIZED_AUTOS = YES_AGGRESSIVE;
				GCC_WARN_UNUSED_FUNCTION = YES;
				GCC_WARN_UNUSED_VARIABLE = YES;
				IPHONEOS_DEPLOYMENT_TARGET = 17.4;
				LOCALIZATION_PREFERS_STRING_CATALOGS = YES;
				MTL_ENABLE_DEBUG_INFO = INCLUDE_SOURCE;
				MTL_FAST_MATH = YES;
				ONLY_ACTIVE_ARCH = YES;
				SDKROOT = iphoneos;
				SWIFT_ACTIVE_COMPILATION_CONDITIONS = "DEBUG $(inherited)";
				SWIFT_OPTIMIZATION_LEVEL = "-Onone";
			};
			name = Debug;
		};
		8C44344A2BD13AE0001B972D /* Release */ = {
			isa = XCBuildConfiguration;
			buildSettings = {
				ALWAYS_SEARCH_USER_PATHS = NO;
				ASSETCATALOG_COMPILER_GENERATE_SWIFT_ASSET_SYMBOL_EXTENSIONS = YES;
				CLANG_ANALYZER_NONNULL = YES;
				CLANG_ANALYZER_NUMBER_OBJECT_CONVERSION = YES_AGGRESSIVE;
				CLANG_CXX_LANGUAGE_STANDARD = "gnu++20";
				CLANG_ENABLE_MODULES = YES;
				CLANG_ENABLE_OBJC_ARC = YES;
				CLANG_ENABLE_OBJC_WEAK = YES;
				CLANG_WARN_BLOCK_CAPTURE_AUTORELEASING = YES;
				CLANG_WARN_BOOL_CONVERSION = YES;
				CLANG_WARN_COMMA = YES;
				CLANG_WARN_CONSTANT_CONVERSION = YES;
				CLANG_WARN_DEPRECATED_OBJC_IMPLEMENTATIONS = YES;
				CLANG_WARN_DIRECT_OBJC_ISA_USAGE = YES_ERROR;
				CLANG_WARN_DOCUMENTATION_COMMENTS = YES;
				CLANG_WARN_EMPTY_BODY = YES;
				CLANG_WARN_ENUM_CONVERSION = YES;
				CLANG_WARN_INFINITE_RECURSION = YES;
				CLANG_WARN_INT_CONVERSION = YES;
				CLANG_WARN_NON_LITERAL_NULL_CONVERSION = YES;
				CLANG_WARN_OBJC_IMPLICIT_RETAIN_SELF = YES;
				CLANG_WARN_OBJC_LITERAL_CONVERSION = YES;
				CLANG_WARN_OBJC_ROOT_CLASS = YES_ERROR;
				CLANG_WARN_QUOTED_INCLUDE_IN_FRAMEWORK_HEADER = YES;
				CLANG_WARN_RANGE_LOOP_ANALYSIS = YES;
				CLANG_WARN_STRICT_PROTOTYPES = YES;
				CLANG_WARN_SUSPICIOUS_MOVE = YES;
				CLANG_WARN_UNGUARDED_AVAILABILITY = YES_AGGRESSIVE;
				CLANG_WARN_UNREACHABLE_CODE = YES;
				CLANG_WARN__DUPLICATE_METHOD_MATCH = YES;
				COPY_PHASE_STRIP = NO;
				DEBUG_INFORMATION_FORMAT = "dwarf-with-dsym";
				ENABLE_NS_ASSERTIONS = NO;
				ENABLE_STRICT_OBJC_MSGSEND = YES;
				ENABLE_USER_SCRIPT_SANDBOXING = YES;
				GCC_C_LANGUAGE_STANDARD = gnu17;
				GCC_NO_COMMON_BLOCKS = YES;
				GCC_WARN_64_TO_32_BIT_CONVERSION = YES;
				GCC_WARN_ABOUT_RETURN_TYPE = YES_ERROR;
				GCC_WARN_UNDECLARED_SELECTOR = YES;
				GCC_WARN_UNINITIALIZED_AUTOS = YES_AGGRESSIVE;
				GCC_WARN_UNUSED_FUNCTION = YES;
				GCC_WARN_UNUSED_VARIABLE = YES;
				IPHONEOS_DEPLOYMENT_TARGET = 17.4;
				LOCALIZATION_PREFERS_STRING_CATALOGS = YES;
				MTL_ENABLE_DEBUG_INFO = NO;
				MTL_FAST_MATH = YES;
				SDKROOT = iphoneos;
				SWIFT_COMPILATION_MODE = wholemodule;
				VALIDATE_PRODUCT = YES;
			};
			name = Release;
		};
		8C44344C2BD13AE0001B972D /* Debug */ = {
			isa = XCBuildConfiguration;
			buildSettings = {
				ASSETCATALOG_COMPILER_APPICON_NAME = AppIcon;
				ASSETCATALOG_COMPILER_GLOBAL_ACCENT_COLOR_NAME = AccentColor;
				CODE_SIGN_STYLE = Automatic;
				CURRENT_PROJECT_VERSION = 1;
				DEVELOPMENT_ASSET_PATHS = "\"PokeX/Resources/Preview Content\"";
				DEVELOPMENT_TEAM = DD3P835Y9D;
				ENABLE_PREVIEWS = YES;
				GENERATE_INFOPLIST_FILE = YES;
				INFOPLIST_FILE = PokeX/Info.plist;
				INFOPLIST_KEY_UIApplicationSceneManifest_Generation = YES;
				INFOPLIST_KEY_UIApplicationSupportsIndirectInputEvents = YES;
				INFOPLIST_KEY_UILaunchScreen_Generation = YES;
				INFOPLIST_KEY_UILaunchStoryboardName = "Launch Screen.storyboard";
				INFOPLIST_KEY_UIRequiresFullScreen = YES;
				INFOPLIST_KEY_UIStatusBarStyle = "";
				INFOPLIST_KEY_UISupportedInterfaceOrientations = UIInterfaceOrientationPortrait;
				IPHONEOS_DEPLOYMENT_TARGET = 16.0;
				LD_RUNPATH_SEARCH_PATHS = (
					"$(inherited)",
					"@executable_path/Frameworks",
				);
				MARKETING_VERSION = 1.0;
				PRODUCT_BUNDLE_IDENTIFIER = com.aldnur.PokeX;
				PRODUCT_NAME = "$(TARGET_NAME)";
				SUPPORTED_PLATFORMS = "iphoneos iphonesimulator";
				SUPPORTS_MACCATALYST = NO;
				SUPPORTS_MAC_DESIGNED_FOR_IPHONE_IPAD = NO;
				SUPPORTS_XR_DESIGNED_FOR_IPHONE_IPAD = NO;
				SWIFT_EMIT_LOC_STRINGS = YES;
				SWIFT_VERSION = 5.0;
				TARGETED_DEVICE_FAMILY = "1,2";
			};
			name = Debug;
		};
		8C44344D2BD13AE0001B972D /* Release */ = {
			isa = XCBuildConfiguration;
			buildSettings = {
				ASSETCATALOG_COMPILER_APPICON_NAME = AppIcon;
				ASSETCATALOG_COMPILER_GLOBAL_ACCENT_COLOR_NAME = AccentColor;
				CODE_SIGN_STYLE = Automatic;
				CURRENT_PROJECT_VERSION = 1;
				DEVELOPMENT_ASSET_PATHS = "\"PokeX/Resources/Preview Content\"";
				DEVELOPMENT_TEAM = DD3P835Y9D;
				ENABLE_PREVIEWS = YES;
				GENERATE_INFOPLIST_FILE = YES;
				INFOPLIST_FILE = PokeX/Info.plist;
				INFOPLIST_KEY_UIApplicationSceneManifest_Generation = YES;
				INFOPLIST_KEY_UIApplicationSupportsIndirectInputEvents = YES;
				INFOPLIST_KEY_UILaunchScreen_Generation = YES;
				INFOPLIST_KEY_UILaunchStoryboardName = "Launch Screen.storyboard";
				INFOPLIST_KEY_UIRequiresFullScreen = YES;
				INFOPLIST_KEY_UIStatusBarStyle = "";
				INFOPLIST_KEY_UISupportedInterfaceOrientations = UIInterfaceOrientationPortrait;
				IPHONEOS_DEPLOYMENT_TARGET = 16.0;
				LD_RUNPATH_SEARCH_PATHS = (
					"$(inherited)",
					"@executable_path/Frameworks",
				);
				MARKETING_VERSION = 1.0;
				PRODUCT_BUNDLE_IDENTIFIER = com.aldnur.PokeX;
				PRODUCT_NAME = "$(TARGET_NAME)";
				SUPPORTED_PLATFORMS = "iphoneos iphonesimulator";
				SUPPORTS_MACCATALYST = NO;
				SUPPORTS_MAC_DESIGNED_FOR_IPHONE_IPAD = NO;
				SUPPORTS_XR_DESIGNED_FOR_IPHONE_IPAD = NO;
				SWIFT_EMIT_LOC_STRINGS = YES;
				SWIFT_VERSION = 5.0;
				TARGETED_DEVICE_FAMILY = "1,2";
			};
			name = Release;
		};
/* End XCBuildConfiguration section */

/* Begin XCConfigurationList section */
		8C4434382BD13ADE001B972D /* Build configuration list for PBXProject "PokeX" */ = {
			isa = XCConfigurationList;
			buildConfigurations = (
				8C4434492BD13AE0001B972D /* Debug */,
				8C44344A2BD13AE0001B972D /* Release */,
			);
			defaultConfigurationIsVisible = 0;
			defaultConfigurationName = Release;
		};
		8C44344B2BD13AE0001B972D /* Build configuration list for PBXNativeTarget "PokeX" */ = {
			isa = XCConfigurationList;
			buildConfigurations = (
				8C44344C2BD13AE0001B972D /* Debug */,
				8C44344D2BD13AE0001B972D /* Release */,
			);
			defaultConfigurationIsVisible = 0;
			defaultConfigurationName = Release;
		};
/* End XCConfigurationList section */
	};
	rootObject = 8C4434352BD13ADE001B972D /* Project object */;
}
