// !$*UTF8*$!
{
	archiveVersion = 1;
	classes = {
	};
	objectVersion = 56;
	objects = {

/* Begin PBXBuildFile section */
		8C4434412BD13ADE001B972D /* PokeXApp.swift in Sources */ = {isa = PBXBuildFile; fileRef = 8C4434402BD13ADE001B972D /* PokeXApp.swift */; };
		8C4434432BD13ADE001B972D /* MainView.swift in Sources */ = {isa = PBXBuildFile; fileRef = 8C4434422BD13ADE001B972D /* MainView.swift */; };
		8C4434452BD13AE0001B972D /* Assets.xcassets in Resources */ = {isa = PBXBuildFile; fileRef = 8C4434442BD13AE0001B972D /* Assets.xcassets */; };
		8C4434482BD13AE0001B972D /* Preview Assets.xcassets in Resources */ = {isa = PBXBuildFile; fileRef = 8C4434472BD13AE0001B972D /* Preview Assets.xcassets */; };
		8C4434592BD166F6001B972D /* Launch Screen.storyboard in Resources */ = {isa = PBXBuildFile; fileRef = 8C4434582BD166F6001B972D /* Launch Screen.storyboard */; };
		8CBCA46A2BD52CEC00A54DB4 /* PokeXConstants.swift in Sources */ = {isa = PBXBuildFile; fileRef = 8CBCA4692BD52CEC00A54DB4 /* PokeXConstants.swift */; };
		8CBCA46D2BD8EF7400A54DB4 /* OnBoardingView.swift in Sources */ = {isa = PBXBuildFile; fileRef = 8CBCA46C2BD8EF7400A54DB4 /* OnBoardingView.swift */; };
		8CBCA46F2BD93F1F00A54DB4 /* PokeXButtonView.swift in Sources */ = {isa = PBXBuildFile; fileRef = 8CBCA46E2BD93F1F00A54DB4 /* PokeXButtonView.swift */; };
		8CBCA4722BD957C100A54DB4 /* PokemonListView.swift in Sources */ = {isa = PBXBuildFile; fileRef = 8CBCA4712BD957C100A54DB4 /* PokemonListView.swift */; };
		8CBCA4742BD9593B00A54DB4 /* PokemonListItemView.swift in Sources */ = {isa = PBXBuildFile; fileRef = 8CBCA4732BD9593B00A54DB4 /* PokemonListItemView.swift */; };
		8CBCA4772BDA905000A54DB4 /* PokemonsTypesColorsEnum.swift in Sources */ = {isa = PBXBuildFile; fileRef = 8CBCA4762BDA905000A54DB4 /* PokemonsTypesColorsEnum.swift */; };
		8CBCA4E12BDAA3C000A54DB4 /* PokemonDetailModel.swift in Sources */ = {isa = PBXBuildFile; fileRef = 8CBCA4E02BDAA3C000A54DB4 /* PokemonDetailModel.swift */; };
		8CBCA5172BDB85F900A54DB4 /* JSONNull.swift in Sources */ = {isa = PBXBuildFile; fileRef = 8CBCA5162BDB85F900A54DB4 /* JSONNull.swift */; };
		8CBCA5192BDB862100A54DB4 /* JSONCodingKey.swift in Sources */ = {isa = PBXBuildFile; fileRef = 8CBCA5182BDB862100A54DB4 /* JSONCodingKey.swift */; };
		8CBCA51C2BDB864E00A54DB4 /* JSONAny.swift in Sources */ = {isa = PBXBuildFile; fileRef = 8CBCA51B2BDB864E00A54DB4 /* JSONAny.swift */; };
		8CBCA51E2BDB86AF00A54DB4 /* TypeElement.swift in Sources */ = {isa = PBXBuildFile; fileRef = 8CBCA51D2BDB86AF00A54DB4 /* TypeElement.swift */; };
		8CBCA5202BDB86C200A54DB4 /* Stat.swift in Sources */ = {isa = PBXBuildFile; fileRef = 8CBCA51F2BDB86C200A54DB4 /* Stat.swift */; };
		8CBCA5222BDB86D800A54DB4 /* GenerationViii.swift in Sources */ = {isa = PBXBuildFile; fileRef = 8CBCA5212BDB86D800A54DB4 /* GenerationViii.swift */; };
		8CBCA5242BDB86EB00A54DB4 /* DreamWorld.swift in Sources */ = {isa = PBXBuildFile; fileRef = 8CBCA5232BDB86EB00A54DB4 /* DreamWorld.swift */; };
		8CBCA5262BDB86FB00A54DB4 /* GenerationVii.swift in Sources */ = {isa = PBXBuildFile; fileRef = 8CBCA5252BDB86FB00A54DB4 /* GenerationVii.swift */; };
		8CBCA5282BDB871500A54DB4 /* Home.swift in Sources */ = {isa = PBXBuildFile; fileRef = 8CBCA5272BDB871500A54DB4 /* Home.swift */; };
		8CBCA52A2BDB872900A54DB4 /* OfficialArtwork.swift in Sources */ = {isa = PBXBuildFile; fileRef = 8CBCA5292BDB872900A54DB4 /* OfficialArtwork.swift */; };
		8CBCA52C2BDB873800A54DB4 /* GenerationIii.swift in Sources */ = {isa = PBXBuildFile; fileRef = 8CBCA52B2BDB873700A54DB4 /* GenerationIii.swift */; };
		8CBCA52E2BDB874800A54DB4 /* Gold.swift in Sources */ = {isa = PBXBuildFile; fileRef = 8CBCA52D2BDB874800A54DB4 /* Gold.swift */; };
		8CBCA5302BDB875700A54DB4 /* Crystal.swift in Sources */ = {isa = PBXBuildFile; fileRef = 8CBCA52F2BDB875700A54DB4 /* Crystal.swift */; };
		8CBCA5322BDB876900A54DB4 /* GenerationIi.swift in Sources */ = {isa = PBXBuildFile; fileRef = 8CBCA5312BDB876900A54DB4 /* GenerationIi.swift */; };
		8CBCA5342BDB877800A54DB4 /* RedBlue.swift in Sources */ = {isa = PBXBuildFile; fileRef = 8CBCA5332BDB877700A54DB4 /* RedBlue.swift */; };
		8CBCA5362BDB878400A54DB4 /* GenerationI.swift in Sources */ = {isa = PBXBuildFile; fileRef = 8CBCA5352BDB878400A54DB4 /* GenerationI.swift */; };
		8CBCA5382BDB879600A54DB4 /* Sprites.swift in Sources */ = {isa = PBXBuildFile; fileRef = 8CBCA5372BDB879600A54DB4 /* Sprites.swift */; };
		8CBCA53A2BDB87AA00A54DB4 /* Other.swift in Sources */ = {isa = PBXBuildFile; fileRef = 8CBCA5392BDB87AA00A54DB4 /* Other.swift */; };
		8CBCA53C2BDB87B700A54DB4 /* Versions.swift in Sources */ = {isa = PBXBuildFile; fileRef = 8CBCA53B2BDB87B700A54DB4 /* Versions.swift */; };
		8CBCA53E2BDB87CB00A54DB4 /* GenerationIv.swift in Sources */ = {isa = PBXBuildFile; fileRef = 8CBCA53D2BDB87CB00A54DB4 /* GenerationIv.swift */; };
		8CBCA5402BDB87DA00A54DB4 /* GenerationV.swift in Sources */ = {isa = PBXBuildFile; fileRef = 8CBCA53F2BDB87DA00A54DB4 /* GenerationV.swift */; };
		8CBCA5422BDB87E900A54DB4 /* VersionGroupDetail.swift in Sources */ = {isa = PBXBuildFile; fileRef = 8CBCA5412BDB87E900A54DB4 /* VersionGroupDetail.swift */; };
		8CBCA5442BDB87FA00A54DB4 /* Move.swift in Sources */ = {isa = PBXBuildFile; fileRef = 8CBCA5432BDB87FA00A54DB4 /* Move.swift */; };
		8CBCA5462BDB880700A54DB4 /* VersionDetail.swift in Sources */ = {isa = PBXBuildFile; fileRef = 8CBCA5452BDB880700A54DB4 /* VersionDetail.swift */; };
		8CBCA5482BDB881600A54DB4 /* HeldItem.swift in Sources */ = {isa = PBXBuildFile; fileRef = 8CBCA5472BDB881600A54DB4 /* HeldItem.swift */; };
		8CBCA54A2BDB883200A54DB4 /* GameIndex.swift in Sources */ = {isa = PBXBuildFile; fileRef = 8CBCA5492BDB883200A54DB4 /* GameIndex.swift */; };
		8CBCA54C2BDB883D00A54DB4 /* Cries.swift in Sources */ = {isa = PBXBuildFile; fileRef = 8CBCA54B2BDB883D00A54DB4 /* Cries.swift */; };
		8CBCA54E2BDB884A00A54DB4 /* Species.swift in Sources */ = {isa = PBXBuildFile; fileRef = 8CBCA54D2BDB884A00A54DB4 /* Species.swift */; };
		8CBCA5502BDB886B00A54DB4 /* Ability.swift in Sources */ = {isa = PBXBuildFile; fileRef = 8CBCA54F2BDB886B00A54DB4 /* Ability.swift */; };
		8CBCA55D2BDC0C1200A54DB4 /* PokemonsModel.swift in Sources */ = {isa = PBXBuildFile; fileRef = 8CBCA55C2BDC0C1200A54DB4 /* PokemonsModel.swift */; };
		8CBCA5602BDC0F1900A54DB4 /* ApiError.swift in Sources */ = {isa = PBXBuildFile; fileRef = 8CBCA55F2BDC0F1900A54DB4 /* ApiError.swift */; };
		8CBCA5622BDC0F5200A54DB4 /* ApiEndpoints.swift in Sources */ = {isa = PBXBuildFile; fileRef = 8CBCA5612BDC0F5200A54DB4 /* ApiEndpoints.swift */; };
		8CBCA5642BDC0FE000A54DB4 /* WebService.swift in Sources */ = {isa = PBXBuildFile; fileRef = 8CBCA5632BDC0FE000A54DB4 /* WebService.swift */; };
		8CBCA5672BDC14ED00A54DB4 /* PokemonViewModel.swift in Sources */ = {isa = PBXBuildFile; fileRef = 8CBCA5662BDC14ED00A54DB4 /* PokemonViewModel.swift */; };
		8CF597A42BD29A5700D08DBA /* BackgroundView.swift in Sources */ = {isa = PBXBuildFile; fileRef = 8CF597A32BD29A5700D08DBA /* BackgroundView.swift */; };
		8CF597A72BD2A0A000D08DBA /* TopTitleView.swift in Sources */ = {isa = PBXBuildFile; fileRef = 8CF597A62BD2A0A000D08DBA /* TopTitleView.swift */; };
		8CF597A92BD2BF0300D08DBA /* PokeXNewsView.swift in Sources */ = {isa = PBXBuildFile; fileRef = 8CF597A82BD2BF0300D08DBA /* PokeXNewsView.swift */; };
		8CF597AB2BD2C01600D08DBA /* PokeXInfoTextView.swift in Sources */ = {isa = PBXBuildFile; fileRef = 8CF597AA2BD2C01600D08DBA /* PokeXInfoTextView.swift */; };
		8CF597AE2BD2C0FB00D08DBA /* PokeXHorizontalScrollSectionView.swift in Sources */ = {isa = PBXBuildFile; fileRef = 8CF597AD2BD2C0FB00D08DBA /* PokeXHorizontalScrollSectionView.swift */; };
		8CF597B02BD2C48E00D08DBA /* PokeXHorizontalImageScrollView.swift in Sources */ = {isa = PBXBuildFile; fileRef = 8CF597AF2BD2C48E00D08DBA /* PokeXHorizontalImageScrollView.swift */; };
		8CF597B22BD2CBE200D08DBA /* PokeXLinkView.swift in Sources */ = {isa = PBXBuildFile; fileRef = 8CF597B12BD2CBE200D08DBA /* PokeXLinkView.swift */; };
/* End PBXBuildFile section */

/* Begin PBXFileReference section */
		8C44343D2BD13ADE001B972D /* PokeX.app */ = {isa = PBXFileReference; explicitFileType = wrapper.application; includeInIndex = 0; path = PokeX.app; sourceTree = BUILT_PRODUCTS_DIR; };
		8C4434402BD13ADE001B972D /* PokeXApp.swift */ = {isa = PBXFileReference; lastKnownFileType = sourcecode.swift; path = PokeXApp.swift; sourceTree = "<group>"; };
		8C4434422BD13ADE001B972D /* MainView.swift */ = {isa = PBXFileReference; lastKnownFileType = sourcecode.swift; path = MainView.swift; sourceTree = "<group>"; };
		8C4434442BD13AE0001B972D /* Assets.xcassets */ = {isa = PBXFileReference; lastKnownFileType = folder.assetcatalog; path = Assets.xcassets; sourceTree = "<group>"; };
		8C4434472BD13AE0001B972D /* Preview Assets.xcassets */ = {isa = PBXFileReference; lastKnownFileType = folder.assetcatalog; path = "Preview Assets.xcassets"; sourceTree = "<group>"; };
		8C4434572BD161EC001B972D /* Info.plist */ = {isa = PBXFileReference; lastKnownFileType = text.plist; path = Info.plist; sourceTree = "<group>"; };
		8C4434582BD166F6001B972D /* Launch Screen.storyboard */ = {isa = PBXFileReference; lastKnownFileType = file.storyboard; path = "Launch Screen.storyboard"; sourceTree = "<group>"; };
		8CBCA4692BD52CEC00A54DB4 /* PokeXConstants.swift */ = {isa = PBXFileReference; lastKnownFileType = sourcecode.swift; path = PokeXConstants.swift; sourceTree = "<group>"; };
		8CBCA46C2BD8EF7400A54DB4 /* OnBoardingView.swift */ = {isa = PBXFileReference; lastKnownFileType = sourcecode.swift; path = OnBoardingView.swift; sourceTree = "<group>"; };
		8CBCA46E2BD93F1F00A54DB4 /* PokeXButtonView.swift */ = {isa = PBXFileReference; lastKnownFileType = sourcecode.swift; path = PokeXButtonView.swift; sourceTree = "<group>"; };
		8CBCA4712BD957C100A54DB4 /* PokemonListView.swift */ = {isa = PBXFileReference; lastKnownFileType = sourcecode.swift; path = PokemonListView.swift; sourceTree = "<group>"; };
		8CBCA4732BD9593B00A54DB4 /* PokemonListItemView.swift */ = {isa = PBXFileReference; lastKnownFileType = sourcecode.swift; path = PokemonListItemView.swift; sourceTree = "<group>"; };
		8CBCA4762BDA905000A54DB4 /* PokemonsTypesColorsEnum.swift */ = {isa = PBXFileReference; lastKnownFileType = sourcecode.swift; path = PokemonsTypesColorsEnum.swift; sourceTree = "<group>"; };
		8CBCA4E02BDAA3C000A54DB4 /* PokemonDetailModel.swift */ = {isa = PBXFileReference; lastKnownFileType = sourcecode.swift; path = PokemonDetailModel.swift; sourceTree = "<group>"; };
		8CBCA5162BDB85F900A54DB4 /* JSONNull.swift */ = {isa = PBXFileReference; lastKnownFileType = sourcecode.swift; path = JSONNull.swift; sourceTree = "<group>"; };
		8CBCA5182BDB862100A54DB4 /* JSONCodingKey.swift */ = {isa = PBXFileReference; lastKnownFileType = sourcecode.swift; path = JSONCodingKey.swift; sourceTree = "<group>"; };
		8CBCA51B2BDB864E00A54DB4 /* JSONAny.swift */ = {isa = PBXFileReference; lastKnownFileType = sourcecode.swift; path = JSONAny.swift; sourceTree = "<group>"; };
		8CBCA51D2BDB86AF00A54DB4 /* TypeElement.swift */ = {isa = PBXFileReference; lastKnownFileType = sourcecode.swift; path = TypeElement.swift; sourceTree = "<group>"; };
		8CBCA51F2BDB86C200A54DB4 /* Stat.swift */ = {isa = PBXFileReference; lastKnownFileType = sourcecode.swift; path = Stat.swift; sourceTree = "<group>"; };
		8CBCA5212BDB86D800A54DB4 /* GenerationViii.swift */ = {isa = PBXFileReference; lastKnownFileType = sourcecode.swift; path = GenerationViii.swift; sourceTree = "<group>"; };
		8CBCA5232BDB86EB00A54DB4 /* DreamWorld.swift */ = {isa = PBXFileReference; lastKnownFileType = sourcecode.swift; path = DreamWorld.swift; sourceTree = "<group>"; };
		8CBCA5252BDB86FB00A54DB4 /* GenerationVii.swift */ = {isa = PBXFileReference; lastKnownFileType = sourcecode.swift; path = GenerationVii.swift; sourceTree = "<group>"; };
		8CBCA5272BDB871500A54DB4 /* Home.swift */ = {isa = PBXFileReference; lastKnownFileType = sourcecode.swift; path = Home.swift; sourceTree = "<group>"; };
		8CBCA5292BDB872900A54DB4 /* OfficialArtwork.swift */ = {isa = PBXFileReference; lastKnownFileType = sourcecode.swift; path = OfficialArtwork.swift; sourceTree = "<group>"; };
		8CBCA52B2BDB873700A54DB4 /* GenerationIii.swift */ = {isa = PBXFileReference; lastKnownFileType = sourcecode.swift; path = GenerationIii.swift; sourceTree = "<group>"; };
		8CBCA52D2BDB874800A54DB4 /* Gold.swift */ = {isa = PBXFileReference; lastKnownFileType = sourcecode.swift; path = Gold.swift; sourceTree = "<group>"; };
		8CBCA52F2BDB875700A54DB4 /* Crystal.swift */ = {isa = PBXFileReference; lastKnownFileType = sourcecode.swift; path = Crystal.swift; sourceTree = "<group>"; };
		8CBCA5312BDB876900A54DB4 /* GenerationIi.swift */ = {isa = PBXFileReference; lastKnownFileType = sourcecode.swift; path = GenerationIi.swift; sourceTree = "<group>"; };
		8CBCA5332BDB877700A54DB4 /* RedBlue.swift */ = {isa = PBXFileReference; lastKnownFileType = sourcecode.swift; path = RedBlue.swift; sourceTree = "<group>"; };
		8CBCA5352BDB878400A54DB4 /* GenerationI.swift */ = {isa = PBXFileReference; lastKnownFileType = sourcecode.swift; path = GenerationI.swift; sourceTree = "<group>"; };
		8CBCA5372BDB879600A54DB4 /* Sprites.swift */ = {isa = PBXFileReference; lastKnownFileType = sourcecode.swift; path = Sprites.swift; sourceTree = "<group>"; };
		8CBCA5392BDB87AA00A54DB4 /* Other.swift */ = {isa = PBXFileReference; lastKnownFileType = sourcecode.swift; path = Other.swift; sourceTree = "<group>"; };
		8CBCA53B2BDB87B700A54DB4 /* Versions.swift */ = {isa = PBXFileReference; lastKnownFileType = sourcecode.swift; path = Versions.swift; sourceTree = "<group>"; };
		8CBCA53D2BDB87CB00A54DB4 /* GenerationIv.swift */ = {isa = PBXFileReference; lastKnownFileType = sourcecode.swift; path = GenerationIv.swift; sourceTree = "<group>"; };
		8CBCA53F2BDB87DA00A54DB4 /* GenerationV.swift */ = {isa = PBXFileReference; lastKnownFileType = sourcecode.swift; path = GenerationV.swift; sourceTree = "<group>"; };
		8CBCA5412BDB87E900A54DB4 /* VersionGroupDetail.swift */ = {isa = PBXFileReference; lastKnownFileType = sourcecode.swift; path = VersionGroupDetail.swift; sourceTree = "<group>"; };
		8CBCA5432BDB87FA00A54DB4 /* Move.swift */ = {isa = PBXFileReference; lastKnownFileType = sourcecode.swift; path = Move.swift; sourceTree = "<group>"; };
		8CBCA5452BDB880700A54DB4 /* VersionDetail.swift */ = {isa = PBXFileReference; lastKnownFileType = sourcecode.swift; path = VersionDetail.swift; sourceTree = "<group>"; };
		8CBCA5472BDB881600A54DB4 /* HeldItem.swift */ = {isa = PBXFileReference; lastKnownFileType = sourcecode.swift; path = HeldItem.swift; sourceTree = "<group>"; };
		8CBCA5492BDB883200A54DB4 /* GameIndex.swift */ = {isa = PBXFileReference; lastKnownFileType = sourcecode.swift; path = GameIndex.swift; sourceTree = "<group>"; };
		8CBCA54B2BDB883D00A54DB4 /* Cries.swift */ = {isa = PBXFileReference; lastKnownFileType = sourcecode.swift; path = Cries.swift; sourceTree = "<group>"; };
		8CBCA54D2BDB884A00A54DB4 /* Species.swift */ = {isa = PBXFileReference; lastKnownFileType = sourcecode.swift; path = Species.swift; sourceTree = "<group>"; };
		8CBCA54F2BDB886B00A54DB4 /* Ability.swift */ = {isa = PBXFileReference; lastKnownFileType = sourcecode.swift; path = Ability.swift; sourceTree = "<group>"; };
		8CBCA55C2BDC0C1200A54DB4 /* PokemonsModel.swift */ = {isa = PBXFileReference; lastKnownFileType = sourcecode.swift; path = PokemonsModel.swift; sourceTree = "<group>"; };
		8CBCA55F2BDC0F1900A54DB4 /* ApiError.swift */ = {isa = PBXFileReference; lastKnownFileType = sourcecode.swift; path = ApiError.swift; sourceTree = "<group>"; };
		8CBCA5612BDC0F5200A54DB4 /* ApiEndpoints.swift */ = {isa = PBXFileReference; lastKnownFileType = sourcecode.swift; path = ApiEndpoints.swift; sourceTree = "<group>"; };
		8CBCA5632BDC0FE000A54DB4 /* WebService.swift */ = {isa = PBXFileReference; lastKnownFileType = sourcecode.swift; path = WebService.swift; sourceTree = "<group>"; };
		8CBCA5662BDC14ED00A54DB4 /* PokemonViewModel.swift */ = {isa = PBXFileReference; lastKnownFileType = sourcecode.swift; path = PokemonViewModel.swift; sourceTree = "<group>"; };
		8CF597A32BD29A5700D08DBA /* BackgroundView.swift */ = {isa = PBXFileReference; lastKnownFileType = sourcecode.swift; path = BackgroundView.swift; sourceTree = "<group>"; };
		8CF597A62BD2A0A000D08DBA /* TopTitleView.swift */ = {isa = PBXFileReference; lastKnownFileType = sourcecode.swift; path = TopTitleView.swift; sourceTree = "<group>"; };
		8CF597A82BD2BF0300D08DBA /* PokeXNewsView.swift */ = {isa = PBXFileReference; lastKnownFileType = sourcecode.swift; path = PokeXNewsView.swift; sourceTree = "<group>"; };
		8CF597AA2BD2C01600D08DBA /* PokeXInfoTextView.swift */ = {isa = PBXFileReference; lastKnownFileType = sourcecode.swift; path = PokeXInfoTextView.swift; sourceTree = "<group>"; };
		8CF597AD2BD2C0FB00D08DBA /* PokeXHorizontalScrollSectionView.swift */ = {isa = PBXFileReference; lastKnownFileType = sourcecode.swift; path = PokeXHorizontalScrollSectionView.swift; sourceTree = "<group>"; };
		8CF597AF2BD2C48E00D08DBA /* PokeXHorizontalImageScrollView.swift */ = {isa = PBXFileReference; lastKnownFileType = sourcecode.swift; path = PokeXHorizontalImageScrollView.swift; sourceTree = "<group>"; };
		8CF597B12BD2CBE200D08DBA /* PokeXLinkView.swift */ = {isa = PBXFileReference; lastKnownFileType = sourcecode.swift; path = PokeXLinkView.swift; sourceTree = "<group>"; };
/* End PBXFileReference section */

/* Begin PBXFrameworksBuildPhase section */
		8C44343A2BD13ADE001B972D /* Frameworks */ = {
			isa = PBXFrameworksBuildPhase;
			buildActionMask = 2147483647;
			files = (
			);
			runOnlyForDeploymentPostprocessing = 0;
		};
/* End PBXFrameworksBuildPhase section */

/* Begin PBXGroup section */
		8C4434342BD13ADE001B972D = {
			isa = PBXGroup;
			children = (
				8C44343F2BD13ADE001B972D /* PokeX */,
				8C44343E2BD13ADE001B972D /* Products */,
			);
			sourceTree = "<group>";
		};
		8C44343E2BD13ADE001B972D /* Products */ = {
			isa = PBXGroup;
			children = (
				8C44343D2BD13ADE001B972D /* PokeX.app */,
			);
			name = Products;
			sourceTree = "<group>";
		};
		8C44343F2BD13ADE001B972D /* PokeX */ = {
			isa = PBXGroup;
			children = (
				8CBCA55E2BDC0F0500A54DB4 /* WebService */,
				8CBCA4752BDA902C00A54DB4 /* Enumerations */,
				8CF597AC2BD2C07000D08DBA /* Components */,
				8C4434602BD16BC3001B972D /* Utilities */,
				8C44345F2BD16B96001B972D /* Data */,
				8C44345E2BD16B8A001B972D /* Extension */,
				8C44345C2BD16B04001B972D /* ViewModels */,
				8C44345B2BD16AFF001B972D /* Views */,
				8C44345A2BD16AF7001B972D /* Models */,
				8C4434572BD161EC001B972D /* Info.plist */,
				8C44344F2BD13B05001B972D /* Resources */,
				8C44344E2BD13B00001B972D /* App */,
			);
			path = PokeX;
			sourceTree = "<group>";
		};
		8C4434462BD13AE0001B972D /* Preview Content */ = {
			isa = PBXGroup;
			children = (
				8C4434472BD13AE0001B972D /* Preview Assets.xcassets */,
			);
			path = "Preview Content";
			sourceTree = "<group>";
		};
		8C44344E2BD13B00001B972D /* App */ = {
			isa = PBXGroup;
			children = (
				8C4434402BD13ADE001B972D /* PokeXApp.swift */,
				8C4434422BD13ADE001B972D /* MainView.swift */,
				8CBCA46C2BD8EF7400A54DB4 /* OnBoardingView.swift */,
				8CBCA4712BD957C100A54DB4 /* PokemonListView.swift */,
			);
			path = App;
			sourceTree = "<group>";
		};
		8C44344F2BD13B05001B972D /* Resources */ = {
			isa = PBXGroup;
			children = (
				8C4434462BD13AE0001B972D /* Preview Content */,
				8C4434442BD13AE0001B972D /* Assets.xcassets */,
				8C4434582BD166F6001B972D /* Launch Screen.storyboard */,
			);
			path = Resources;
			sourceTree = "<group>";
		};
		8C44345A2BD16AF7001B972D /* Models */ = {
			isa = PBXGroup;
			children = (
				8CBCA55B2BDC0C0100A54DB4 /* PokemonsModel */,
				8CBCA5122BDAABA800A54DB4 /* PokemonDetailModel */,
			);
			path = Models;
			sourceTree = "<group>";
		};
		8C44345B2BD16AFF001B972D /* Views */ = {
			isa = PBXGroup;
			children = (
				8CBCA4702BD9578E00A54DB4 /* PokemonsListScreen */,
				8CBCA46B2BD8EF2D00A54DB4 /* OnBoardingScreen */,
				8CF597A52BD2A07900D08DBA /* HomeScreen */,
			);
			path = Views;
			sourceTree = "<group>";
		};
		8C44345C2BD16B04001B972D /* ViewModels */ = {
			isa = PBXGroup;
			children = (
				8CBCA5652BDC14D000A54DB4 /* PokemonViewModel */,
			);
			path = ViewModels;
			sourceTree = "<group>";
		};
		8C44345E2BD16B8A001B972D /* Extension */ = {
			isa = PBXGroup;
			children = (
			);
			path = Extension;
			sourceTree = "<group>";
		};
		8C44345F2BD16B96001B972D /* Data */ = {
			isa = PBXGroup;
			children = (
			);
			path = Data;
			sourceTree = "<group>";
		};
		8C4434602BD16BC3001B972D /* Utilities */ = {
			isa = PBXGroup;
			children = (
				8CBCA51A2BDB863F00A54DB4 /* JSON */,
				8CBCA4692BD52CEC00A54DB4 /* PokeXConstants.swift */,
			);
			path = Utilities;
			sourceTree = "<group>";
		};
		8CBCA46B2BD8EF2D00A54DB4 /* OnBoardingScreen */ = {
			isa = PBXGroup;
			children = (
			);
			path = OnBoardingScreen;
			sourceTree = "<group>";
		};
		8CBCA4702BD9578E00A54DB4 /* PokemonsListScreen */ = {
			isa = PBXGroup;
			children = (
				8CBCA4732BD9593B00A54DB4 /* PokemonListItemView.swift */,
			);
			path = PokemonsListScreen;
			sourceTree = "<group>";
		};
		8CBCA4752BDA902C00A54DB4 /* Enumerations */ = {
			isa = PBXGroup;
			children = (
				8CBCA4762BDA905000A54DB4 /* PokemonsTypesColorsEnum.swift */,
			);
			path = Enumerations;
			sourceTree = "<group>";
		};
		8CBCA5122BDAABA800A54DB4 /* PokemonDetailModel */ = {
			isa = PBXGroup;
			children = (
				8CBCA4E02BDAA3C000A54DB4 /* PokemonDetailModel.swift */,
				8CBCA51D2BDB86AF00A54DB4 /* TypeElement.swift */,
				8CBCA51F2BDB86C200A54DB4 /* Stat.swift */,
				8CBCA5212BDB86D800A54DB4 /* GenerationViii.swift */,
				8CBCA5232BDB86EB00A54DB4 /* DreamWorld.swift */,
				8CBCA5252BDB86FB00A54DB4 /* GenerationVii.swift */,
				8CBCA5272BDB871500A54DB4 /* Home.swift */,
				8CBCA5292BDB872900A54DB4 /* OfficialArtwork.swift */,
				8CBCA52B2BDB873700A54DB4 /* GenerationIii.swift */,
				8CBCA52D2BDB874800A54DB4 /* Gold.swift */,
				8CBCA54F2BDB886B00A54DB4 /* Ability.swift */,
				8CBCA52F2BDB875700A54DB4 /* Crystal.swift */,
				8CBCA5312BDB876900A54DB4 /* GenerationIi.swift */,
				8CBCA5332BDB877700A54DB4 /* RedBlue.swift */,
				8CBCA5352BDB878400A54DB4 /* GenerationI.swift */,
				8CBCA5372BDB879600A54DB4 /* Sprites.swift */,
				8CBCA5392BDB87AA00A54DB4 /* Other.swift */,
				8CBCA53B2BDB87B700A54DB4 /* Versions.swift */,
				8CBCA53D2BDB87CB00A54DB4 /* GenerationIv.swift */,
				8CBCA53F2BDB87DA00A54DB4 /* GenerationV.swift */,
				8CBCA5412BDB87E900A54DB4 /* VersionGroupDetail.swift */,
				8CBCA5432BDB87FA00A54DB4 /* Move.swift */,
				8CBCA5452BDB880700A54DB4 /* VersionDetail.swift */,
				8CBCA5472BDB881600A54DB4 /* HeldItem.swift */,
				8CBCA5492BDB883200A54DB4 /* GameIndex.swift */,
				8CBCA54B2BDB883D00A54DB4 /* Cries.swift */,
				8CBCA54D2BDB884A00A54DB4 /* Species.swift */,
			);
			path = PokemonDetailModel;
			sourceTree = "<group>";
		};
		8CBCA51A2BDB863F00A54DB4 /* JSON */ = {
			isa = PBXGroup;
			children = (
				8CBCA5182BDB862100A54DB4 /* JSONCodingKey.swift */,
				8CBCA5162BDB85F900A54DB4 /* JSONNull.swift */,
				8CBCA51B2BDB864E00A54DB4 /* JSONAny.swift */,
			);
			path = JSON;
			sourceTree = "<group>";
		};
		8CBCA55B2BDC0C0100A54DB4 /* PokemonsModel */ = {
			isa = PBXGroup;
			children = (
				8CBCA55C2BDC0C1200A54DB4 /* PokemonsModel.swift */,
			);
			path = PokemonsModel;
			sourceTree = "<group>";
		};
		8CBCA55E2BDC0F0500A54DB4 /* WebService */ = {
			isa = PBXGroup;
			children = (
				8CBCA55F2BDC0F1900A54DB4 /* ApiError.swift */,
				8CBCA5612BDC0F5200A54DB4 /* ApiEndpoints.swift */,
				8CBCA5632BDC0FE000A54DB4 /* WebService.swift */,
			);
			path = WebService;
			sourceTree = "<group>";
		};
		8CBCA5652BDC14D000A54DB4 /* PokemonViewModel */ = {
			isa = PBXGroup;
			children = (
				8CBCA5662BDC14ED00A54DB4 /* PokemonViewModel.swift */,
			);
			path = PokemonViewModel;
			sourceTree = "<group>";
		};
		8CF597A52BD2A07900D08DBA /* HomeScreen */ = {
			isa = PBXGroup;
			children = (
				8CF597A62BD2A0A000D08DBA /* TopTitleView.swift */,
				8CF597A82BD2BF0300D08DBA /* PokeXNewsView.swift */,
				8CF597AA2BD2C01600D08DBA /* PokeXInfoTextView.swift */,
			);
			path = HomeScreen;
			sourceTree = "<group>";
		};
		8CF597AC2BD2C07000D08DBA /* Components */ = {
			isa = PBXGroup;
			children = (
				8CF597A32BD29A5700D08DBA /* BackgroundView.swift */,
				8CF597AD2BD2C0FB00D08DBA /* PokeXHorizontalScrollSectionView.swift */,
				8CF597AF2BD2C48E00D08DBA /* PokeXHorizontalImageScrollView.swift */,
				8CF597B12BD2CBE200D08DBA /* PokeXLinkView.swift */,
				8CBCA46E2BD93F1F00A54DB4 /* PokeXButtonView.swift */,
			);
			path = Components;
			sourceTree = "<group>";
		};
/* End PBXGroup section */

/* Begin PBXNativeTarget section */
		8C44343C2BD13ADE001B972D /* PokeX */ = {
			isa = PBXNativeTarget;
			buildConfigurationList = 8C44344B2BD13AE0001B972D /* Build configuration list for PBXNativeTarget "PokeX" */;
			buildPhases = (
				8C4434392BD13ADE001B972D /* Sources */,
				8C44343A2BD13ADE001B972D /* Frameworks */,
				8C44343B2BD13ADE001B972D /* Resources */,
			);
			buildRules = (
			);
			dependencies = (
			);
			name = PokeX;
			productName = PokeX;
			productReference = 8C44343D2BD13ADE001B972D /* PokeX.app */;
			productType = "com.apple.product-type.application";
		};
/* End PBXNativeTarget section */

/* Begin PBXProject section */
		8C4434352BD13ADE001B972D /* Project object */ = {
			isa = PBXProject;
			attributes = {
				BuildIndependentTargetsInParallel = 1;
				LastSwiftUpdateCheck = 1530;
				LastUpgradeCheck = 1530;
				TargetAttributes = {
					8C44343C2BD13ADE001B972D = {
						CreatedOnToolsVersion = 15.3;
					};
				};
			};
			buildConfigurationList = 8C4434382BD13ADE001B972D /* Build configuration list for PBXProject "PokeX" */;
			compatibilityVersion = "Xcode 14.0";
			developmentRegion = en;
			hasScannedForEncodings = 0;
			knownRegions = (
				en,
				Base,
			);
			mainGroup = 8C4434342BD13ADE001B972D;
			productRefGroup = 8C44343E2BD13ADE001B972D /* Products */;
			projectDirPath = "";
			projectRoot = "";
			targets = (
				8C44343C2BD13ADE001B972D /* PokeX */,
			);
		};
/* End PBXProject section */

/* Begin PBXResourcesBuildPhase section */
		8C44343B2BD13ADE001B972D /* Resources */ = {
			isa = PBXResourcesBuildPhase;
			buildActionMask = 2147483647;
			files = (
				8C4434592BD166F6001B972D /* Launch Screen.storyboard in Resources */,
				8C4434482BD13AE0001B972D /* Preview Assets.xcassets in Resources */,
				8C4434452BD13AE0001B972D /* Assets.xcassets in Resources */,
			);
			runOnlyForDeploymentPostprocessing = 0;
		};
/* End PBXResourcesBuildPhase section */

/* Begin PBXSourcesBuildPhase section */
		8C4434392BD13ADE001B972D /* Sources */ = {
			isa = PBXSourcesBuildPhase;
			buildActionMask = 2147483647;
			files = (
				8CBCA52C2BDB873800A54DB4 /* GenerationIii.swift in Sources */,
				8CBCA5502BDB886B00A54DB4 /* Ability.swift in Sources */,
				8CBCA5362BDB878400A54DB4 /* GenerationI.swift in Sources */,
				8CBCA53A2BDB87AA00A54DB4 /* Other.swift in Sources */,
				8CBCA5242BDB86EB00A54DB4 /* DreamWorld.swift in Sources */,
				8CBCA51E2BDB86AF00A54DB4 /* TypeElement.swift in Sources */,
				8CBCA52E2BDB874800A54DB4 /* Gold.swift in Sources */,
				8CBCA5262BDB86FB00A54DB4 /* GenerationVii.swift in Sources */,
				8CF597A92BD2BF0300D08DBA /* PokeXNewsView.swift in Sources */,
				8CBCA54E2BDB884A00A54DB4 /* Species.swift in Sources */,
				8CF597A42BD29A5700D08DBA /* BackgroundView.swift in Sources */,
				8CBCA4722BD957C100A54DB4 /* PokemonListView.swift in Sources */,
				8CBCA54A2BDB883200A54DB4 /* GameIndex.swift in Sources */,
				8CBCA55D2BDC0C1200A54DB4 /* PokemonsModel.swift in Sources */,
				8CBCA51C2BDB864E00A54DB4 /* JSONAny.swift in Sources */,
				8CBCA5322BDB876900A54DB4 /* GenerationIi.swift in Sources */,
				8CF597AE2BD2C0FB00D08DBA /* PokeXHorizontalScrollSectionView.swift in Sources */,
				8CBCA46A2BD52CEC00A54DB4 /* PokeXConstants.swift in Sources */,
				8CF597B22BD2CBE200D08DBA /* PokeXLinkView.swift in Sources */,
				8CBCA5462BDB880700A54DB4 /* VersionDetail.swift in Sources */,
				8CBCA5222BDB86D800A54DB4 /* GenerationViii.swift in Sources */,
				8CBCA5442BDB87FA00A54DB4 /* Move.swift in Sources */,
				8CBCA5172BDB85F900A54DB4 /* JSONNull.swift in Sources */,
				8CBCA5642BDC0FE000A54DB4 /* WebService.swift in Sources */,
				8CBCA5622BDC0F5200A54DB4 /* ApiEndpoints.swift in Sources */,
				8CBCA46D2BD8EF7400A54DB4 /* OnBoardingView.swift in Sources */,
				8CBCA4E12BDAA3C000A54DB4 /* PokemonDetailModel.swift in Sources */,
				8CBCA5382BDB879600A54DB4 /* Sprites.swift in Sources */,
				8CBCA54C2BDB883D00A54DB4 /* Cries.swift in Sources */,
				8CBCA53E2BDB87CB00A54DB4 /* GenerationIv.swift in Sources */,
				8CBCA4772BDA905000A54DB4 /* PokemonsTypesColorsEnum.swift in Sources */,
				8CBCA46F2BD93F1F00A54DB4 /* PokeXButtonView.swift in Sources */,
				8C4434432BD13ADE001B972D /* MainView.swift in Sources */,
				8CBCA53C2BDB87B700A54DB4 /* Versions.swift in Sources */,
				8CBCA52A2BDB872900A54DB4 /* OfficialArtwork.swift in Sources */,
				8CF597AB2BD2C01600D08DBA /* PokeXInfoTextView.swift in Sources */,
				8CBCA5192BDB862100A54DB4 /* JSONCodingKey.swift in Sources */,
				8CF597B02BD2C48E00D08DBA /* PokeXHorizontalImageScrollView.swift in Sources */,
				8CBCA5482BDB881600A54DB4 /* HeldItem.swift in Sources */,
				8CBCA5602BDC0F1900A54DB4 /* ApiError.swift in Sources */,
				8CBCA5402BDB87DA00A54DB4 /* GenerationV.swift in Sources */,
				8C4434412BD13ADE001B972D /* PokeXApp.swift in Sources */,
				8CBCA5202BDB86C200A54DB4 /* Stat.swift in Sources */,
				8CBCA5302BDB875700A54DB4 /* Crystal.swift in Sources */,
				8CBCA5342BDB877800A54DB4 /* RedBlue.swift in Sources */,
				8CBCA5282BDB871500A54DB4 /* Home.swift in Sources */,
				8CBCA5672BDC14ED00A54DB4 /* PokemonViewModel.swift in Sources */,
				8CBCA5422BDB87E900A54DB4 /* VersionGroupDetail.swift in Sources */,
				8CF597A72BD2A0A000D08DBA /* TopTitleView.swift in Sources */,
				8CBCA4742BD9593B00A54DB4 /* PokemonListItemView.swift in Sources */,
			);
			runOnlyForDeploymentPostprocessing = 0;
		};
/* End PBXSourcesBuildPhase section */

/* Begin XCBuildConfiguration section */
		8C4434492BD13AE0001B972D /* Debug */ = {
			isa = XCBuildConfiguration;
			buildSettings = {
				ALWAYS_SEARCH_USER_PATHS = NO;
				ASSETCATALOG_COMPILER_GENERATE_SWIFT_ASSET_SYMBOL_EXTENSIONS = YES;
				CLANG_ANALYZER_NONNULL = YES;
				CLANG_ANALYZER_NUMBER_OBJECT_CONVERSION = YES_AGGRESSIVE;
				CLANG_CXX_LANGUAGE_STANDARD = "gnu++20";
				CLANG_ENABLE_MODULES = YES;
				CLANG_ENABLE_OBJC_ARC = YES;
				CLANG_ENABLE_OBJC_WEAK = YES;
				CLANG_WARN_BLOCK_CAPTURE_AUTORELEASING = YES;
				CLANG_WARN_BOOL_CONVERSION = YES;
				CLANG_WARN_COMMA = YES;
				CLANG_WARN_CONSTANT_CONVERSION = YES;
				CLANG_WARN_DEPRECATED_OBJC_IMPLEMENTATIONS = YES;
				CLANG_WARN_DIRECT_OBJC_ISA_USAGE = YES_ERROR;
				CLANG_WARN_DOCUMENTATION_COMMENTS = YES;
				CLANG_WARN_EMPTY_BODY = YES;
				CLANG_WARN_ENUM_CONVERSION = YES;
				CLANG_WARN_INFINITE_RECURSION = YES;
				CLANG_WARN_INT_CONVERSION = YES;
				CLANG_WARN_NON_LITERAL_NULL_CONVERSION = YES;
				CLANG_WARN_OBJC_IMPLICIT_RETAIN_SELF = YES;
				CLANG_WARN_OBJC_LITERAL_CONVERSION = YES;
				CLANG_WARN_OBJC_ROOT_CLASS = YES_ERROR;
				CLANG_WARN_QUOTED_INCLUDE_IN_FRAMEWORK_HEADER = YES;
				CLANG_WARN_RANGE_LOOP_ANALYSIS = YES;
				CLANG_WARN_STRICT_PROTOTYPES = YES;
				CLANG_WARN_SUSPICIOUS_MOVE = YES;
				CLANG_WARN_UNGUARDED_AVAILABILITY = YES_AGGRESSIVE;
				CLANG_WARN_UNREACHABLE_CODE = YES;
				CLANG_WARN__DUPLICATE_METHOD_MATCH = YES;
				COPY_PHASE_STRIP = NO;
				DEBUG_INFORMATION_FORMAT = dwarf;
				ENABLE_STRICT_OBJC_MSGSEND = YES;
				ENABLE_TESTABILITY = YES;
				ENABLE_USER_SCRIPT_SANDBOXING = YES;
				GCC_C_LANGUAGE_STANDARD = gnu17;
				GCC_DYNAMIC_NO_PIC = NO;
				GCC_NO_COMMON_BLOCKS = YES;
				GCC_OPTIMIZATION_LEVEL = 0;
				GCC_PREPROCESSOR_DEFINITIONS = (
					"DEBUG=1",
					"$(inherited)",
				);
				GCC_WARN_64_TO_32_BIT_CONVERSION = YES;
				GCC_WARN_ABOUT_RETURN_TYPE = YES_ERROR;
				GCC_WARN_UNDECLARED_SELECTOR = YES;
				GCC_WARN_UNINITIALIZED_AUTOS = YES_AGGRESSIVE;
				GCC_WARN_UNUSED_FUNCTION = YES;
				GCC_WARN_UNUSED_VARIABLE = YES;
				IPHONEOS_DEPLOYMENT_TARGET = 17.4;
				LOCALIZATION_PREFERS_STRING_CATALOGS = YES;
				MTL_ENABLE_DEBUG_INFO = INCLUDE_SOURCE;
				MTL_FAST_MATH = YES;
				ONLY_ACTIVE_ARCH = YES;
				SDKROOT = iphoneos;
				SWIFT_ACTIVE_COMPILATION_CONDITIONS = "DEBUG $(inherited)";
				SWIFT_OPTIMIZATION_LEVEL = "-Onone";
			};
			name = Debug;
		};
		8C44344A2BD13AE0001B972D /* Release */ = {
			isa = XCBuildConfiguration;
			buildSettings = {
				ALWAYS_SEARCH_USER_PATHS = NO;
				ASSETCATALOG_COMPILER_GENERATE_SWIFT_ASSET_SYMBOL_EXTENSIONS = YES;
				CLANG_ANALYZER_NONNULL = YES;
				CLANG_ANALYZER_NUMBER_OBJECT_CONVERSION = YES_AGGRESSIVE;
				CLANG_CXX_LANGUAGE_STANDARD = "gnu++20";
				CLANG_ENABLE_MODULES = YES;
				CLANG_ENABLE_OBJC_ARC = YES;
				CLANG_ENABLE_OBJC_WEAK = YES;
				CLANG_WARN_BLOCK_CAPTURE_AUTORELEASING = YES;
				CLANG_WARN_BOOL_CONVERSION = YES;
				CLANG_WARN_COMMA = YES;
				CLANG_WARN_CONSTANT_CONVERSION = YES;
				CLANG_WARN_DEPRECATED_OBJC_IMPLEMENTATIONS = YES;
				CLANG_WARN_DIRECT_OBJC_ISA_USAGE = YES_ERROR;
				CLANG_WARN_DOCUMENTATION_COMMENTS = YES;
				CLANG_WARN_EMPTY_BODY = YES;
				CLANG_WARN_ENUM_CONVERSION = YES;
				CLANG_WARN_INFINITE_RECURSION = YES;
				CLANG_WARN_INT_CONVERSION = YES;
				CLANG_WARN_NON_LITERAL_NULL_CONVERSION = YES;
				CLANG_WARN_OBJC_IMPLICIT_RETAIN_SELF = YES;
				CLANG_WARN_OBJC_LITERAL_CONVERSION = YES;
				CLANG_WARN_OBJC_ROOT_CLASS = YES_ERROR;
				CLANG_WARN_QUOTED_INCLUDE_IN_FRAMEWORK_HEADER = YES;
				CLANG_WARN_RANGE_LOOP_ANALYSIS = YES;
				CLANG_WARN_STRICT_PROTOTYPES = YES;
				CLANG_WARN_SUSPICIOUS_MOVE = YES;
				CLANG_WARN_UNGUARDED_AVAILABILITY = YES_AGGRESSIVE;
				CLANG_WARN_UNREACHABLE_CODE = YES;
				CLANG_WARN__DUPLICATE_METHOD_MATCH = YES;
				COPY_PHASE_STRIP = NO;
				DEBUG_INFORMATION_FORMAT = "dwarf-with-dsym";
				ENABLE_NS_ASSERTIONS = NO;
				ENABLE_STRICT_OBJC_MSGSEND = YES;
				ENABLE_USER_SCRIPT_SANDBOXING = YES;
				GCC_C_LANGUAGE_STANDARD = gnu17;
				GCC_NO_COMMON_BLOCKS = YES;
				GCC_WARN_64_TO_32_BIT_CONVERSION = YES;
				GCC_WARN_ABOUT_RETURN_TYPE = YES_ERROR;
				GCC_WARN_UNDECLARED_SELECTOR = YES;
				GCC_WARN_UNINITIALIZED_AUTOS = YES_AGGRESSIVE;
				GCC_WARN_UNUSED_FUNCTION = YES;
				GCC_WARN_UNUSED_VARIABLE = YES;
				IPHONEOS_DEPLOYMENT_TARGET = 17.4;
				LOCALIZATION_PREFERS_STRING_CATALOGS = YES;
				MTL_ENABLE_DEBUG_INFO = NO;
				MTL_FAST_MATH = YES;
				SDKROOT = iphoneos;
				SWIFT_COMPILATION_MODE = wholemodule;
				VALIDATE_PRODUCT = YES;
			};
			name = Release;
		};
		8C44344C2BD13AE0001B972D /* Debug */ = {
			isa = XCBuildConfiguration;
			buildSettings = {
				ASSETCATALOG_COMPILER_APPICON_NAME = AppIcon;
				ASSETCATALOG_COMPILER_GLOBAL_ACCENT_COLOR_NAME = AccentColor;
				CODE_SIGN_STYLE = Automatic;
				CURRENT_PROJECT_VERSION = 1;
				DEVELOPMENT_ASSET_PATHS = "\"PokeX/Resources/Preview Content\"";
				DEVELOPMENT_TEAM = DD3P835Y9D;
				ENABLE_PREVIEWS = YES;
				GENERATE_INFOPLIST_FILE = YES;
				INFOPLIST_FILE = PokeX/Info.plist;
				INFOPLIST_KEY_UIApplicationSceneManifest_Generation = YES;
				INFOPLIST_KEY_UIApplicationSupportsIndirectInputEvents = YES;
				INFOPLIST_KEY_UILaunchScreen_Generation = YES;
				INFOPLIST_KEY_UILaunchStoryboardName = "Launch Screen.storyboard";
				INFOPLIST_KEY_UIRequiresFullScreen = YES;
				INFOPLIST_KEY_UIStatusBarStyle = "";
				INFOPLIST_KEY_UISupportedInterfaceOrientations = UIInterfaceOrientationPortrait;
				IPHONEOS_DEPLOYMENT_TARGET = 16.0;
				LD_RUNPATH_SEARCH_PATHS = (
					"$(inherited)",
					"@executable_path/Frameworks",
				);
				MARKETING_VERSION = 1.0;
				PRODUCT_BUNDLE_IDENTIFIER = com.aldnur.PokeX;
				PRODUCT_NAME = "$(TARGET_NAME)";
				SUPPORTED_PLATFORMS = "iphoneos iphonesimulator";
				SUPPORTS_MACCATALYST = NO;
				SUPPORTS_MAC_DESIGNED_FOR_IPHONE_IPAD = NO;
				SUPPORTS_XR_DESIGNED_FOR_IPHONE_IPAD = NO;
				SWIFT_EMIT_LOC_STRINGS = YES;
				SWIFT_VERSION = 5.0;
				TARGETED_DEVICE_FAMILY = "1,2";
			};
			name = Debug;
		};
		8C44344D2BD13AE0001B972D /* Release */ = {
			isa = XCBuildConfiguration;
			buildSettings = {
				ASSETCATALOG_COMPILER_APPICON_NAME = AppIcon;
				ASSETCATALOG_COMPILER_GLOBAL_ACCENT_COLOR_NAME = AccentColor;
				CODE_SIGN_STYLE = Automatic;
				CURRENT_PROJECT_VERSION = 1;
				DEVELOPMENT_ASSET_PATHS = "\"PokeX/Resources/Preview Content\"";
				DEVELOPMENT_TEAM = DD3P835Y9D;
				ENABLE_PREVIEWS = YES;
				GENERATE_INFOPLIST_FILE = YES;
				INFOPLIST_FILE = PokeX/Info.plist;
				INFOPLIST_KEY_UIApplicationSceneManifest_Generation = YES;
				INFOPLIST_KEY_UIApplicationSupportsIndirectInputEvents = YES;
				INFOPLIST_KEY_UILaunchScreen_Generation = YES;
				INFOPLIST_KEY_UILaunchStoryboardName = "Launch Screen.storyboard";
				INFOPLIST_KEY_UIRequiresFullScreen = YES;
				INFOPLIST_KEY_UIStatusBarStyle = "";
				INFOPLIST_KEY_UISupportedInterfaceOrientations = UIInterfaceOrientationPortrait;
				IPHONEOS_DEPLOYMENT_TARGET = 16.0;
				LD_RUNPATH_SEARCH_PATHS = (
					"$(inherited)",
					"@executable_path/Frameworks",
				);
				MARKETING_VERSION = 1.0;
				PRODUCT_BUNDLE_IDENTIFIER = com.aldnur.PokeX;
				PRODUCT_NAME = "$(TARGET_NAME)";
				SUPPORTED_PLATFORMS = "iphoneos iphonesimulator";
				SUPPORTS_MACCATALYST = NO;
				SUPPORTS_MAC_DESIGNED_FOR_IPHONE_IPAD = NO;
				SUPPORTS_XR_DESIGNED_FOR_IPHONE_IPAD = NO;
				SWIFT_EMIT_LOC_STRINGS = YES;
				SWIFT_VERSION = 5.0;
				TARGETED_DEVICE_FAMILY = "1,2";
			};
			name = Release;
		};
/* End XCBuildConfiguration section */

/* Begin XCConfigurationList section */
		8C4434382BD13ADE001B972D /* Build configuration list for PBXProject "PokeX" */ = {
			isa = XCConfigurationList;
			buildConfigurations = (
				8C4434492BD13AE0001B972D /* Debug */,
				8C44344A2BD13AE0001B972D /* Release */,
			);
			defaultConfigurationIsVisible = 0;
			defaultConfigurationName = Release;
		};
		8C44344B2BD13AE0001B972D /* Build configuration list for PBXNativeTarget "PokeX" */ = {
			isa = XCConfigurationList;
			buildConfigurations = (
				8C44344C2BD13AE0001B972D /* Debug */,
				8C44344D2BD13AE0001B972D /* Release */,
			);
			defaultConfigurationIsVisible = 0;
			defaultConfigurationName = Release;
		};
/* End XCConfigurationList section */
	};
	rootObject = 8C4434352BD13ADE001B972D /* Project object */;
}
